
Microsoft Visual Studio Solution File, Format Version 12.00
# Visual Studio Version 17
VisualStudioVersion = 17.7.34221.43
MinimumVisualStudioVersion = 10.0.40219.1
Project("{FAE04EC0-301F-11D3-BF4B-00C04F79EFBC}") = "HelloWorld", "HelloWorld.csproj", "{5269BB14-C227-4D63-ADB1-D86192A6EBD1}"
EndProject
Global
	GlobalSection(SolutionConfigurationPlatforms) = preSolution
		Debug|Any CPU = Debug|Any CPU
		Release|Any CPU = Release|Any CPU
	EndGlobalSection
	GlobalSection(ProjectConfigurationPlatforms) = postSolution
		{5269BB14-C227-4D63-ADB1-D86192A6EBD1}.Debug|Any CPU.ActiveCfg = Debug|Any CPU
		{5269BB14-C227-4D63-ADB1-D86192A6EBD1}.Debug|Any CPU.Build.0 = Debug|Any CPU
		{5269BB14-C227-4D63-ADB1-D86192A6EBD1}.Release|Any CPU.ActiveCfg = Release|Any CPU
		{5269BB14-C227-4D63-ADB1-D86192A6EBD1}.Release|Any CPU.Build.0 = Release|Any CPU
	EndGlobalSection
	GlobalSection(SolutionProperties) = preSolution
		HideSolutionNode = FALSE
	EndGlobalSection
	GlobalSection(ExtensibilityGlobals) = postSolution
		SolutionGuid = {AD6F84D8-34A4-4720-BDBC-C4B2111C6EAC}
	EndGlobalSection
EndGlobal
